
Microsoft Visual Studio Solution File, Format Version 12.00
# Visual Studio Version 16
VisualStudioVersion = 16.0.29102.190
MinimumVisualStudioVersion = 10.0.40219.1
Project("{2150E333-8FDC-42A3-9474-1A3956D46DE8}") = "Target Programs", "Target Programs", "{6B749FD3-16EE-436E-9DE8-F0E00C71426B}"
EndProject
Project("{2150E333-8FDC-42A3-9474-1A3956D46DE8}") = "Without Trampolines", "Without Trampolines", "{BEE66BBD-CF19-488A-AF5D-2C303C6F1DD4}"
EndProject
Project("{2150E333-8FDC-42A3-9474-1A3956D46DE8}") = "With Trampolines", "With Trampolines", "{06AA2F4A-8CC1-4EA9-ADC0-D55562B6D558}"
EndProject
Project("{8BC9CEB8-8B4A-11D0-8D11-00A0C91BC942}") = "hook-free-function-in-same-program-32", "hook-free-function-in-same-program-32\hook-free-function-in-same-program-32.vcxproj", "{33613AC6-08C6-48E1-B187-CC1B3FA0EE38}"
EndProject
Project("{8BC9CEB8-8B4A-11D0-8D11-00A0C91BC942}") = "hook-free-function-in-same-program-64", "hook-free-function-in-same-program-64\hook-free-function-in-same-program-64.vcxproj", "{B5A5A457-3512-4F70-B2EF-CD1423EA8E47}"
EndProject
Project("{8BC9CEB8-8B4A-11D0-8D11-00A0C91BC942}") = "hook-member-function-in-same-program", "hook-member-function-in-same-program-64\hook-member-function-in-same-program-64.vcxproj", "{384F0EB7-2732-4FBE-8FE3-F7184B9256EC}"
EndProject
Project("{8BC9CEB8-8B4A-11D0-8D11-00A0C91BC942}") = "hook-virtual-function-in-same-program", "hook-virtual-function-in-same-program\hook-virtual-function-in-same-program.vcxproj", "{5F40CE1F-A093-4F58-AFA2-1AC190DF0D15}"
EndProject
Project("{2150E333-8FDC-42A3-9474-1A3956D46DE8}") = "_SharedCode", "_SharedCode", "{5AEAB45E-C6A2-401F-805F-EE1333C09185}"
	ProjectSection(SolutionItems) = preProject
		hooking_common.h = hooking_common.h
	EndProjectSection
EndProject
Project("{2150E333-8FDC-42A3-9474-1A3956D46DE8}") = "Hooking Functions In Same Process", "Hooking Functions In Same Process", "{CADDEDDB-440B-40F9-B58C-D2CEEFF9CA09}"
EndProject
Project("{2150E333-8FDC-42A3-9474-1A3956D46DE8}") = "Hooking Other Processes", "Hooking Other Processes", "{C8E69C43-BDFA-4C63-8EF8-1540E6776758}"
EndProject
Project("{8BC9CEB8-8B4A-11D0-8D11-00A0C91BC942}") = "target-with-free-functions", "target-with-free-functions\target-with-free-functions.vcxproj", "{B381F163-1892-49AF-8F29-638277676D40}"
EndProject
Project("{8BC9CEB8-8B4A-11D0-8D11-00A0C91BC942}") = "target-with-nonvirtual-member-functions", "target-with-nonvirtual-member-functions\target-with-nonvirtual-member-functions.vcxproj", "{EEBED021-72EB-4AF9-8F00-EAF1AF9675BB}"
EndProject
Project("{8BC9CEB8-8B4A-11D0-8D11-00A0C91BC942}") = "target-with-virtual-member-functions", "target-with-virtual-member-functions\target-with-virtual-member-functions.vcxproj", "{E73F59E5-A0D4-48F2-B3B4-AE820CD92285}"
EndProject
Project("{8BC9CEB8-8B4A-11D0-8D11-00A0C91BC942}") = "hook-by-rva-with-dll-payload", "hook-by-rva-with-dll-payload\hook-by-rva-with-dll-payload.vcxproj", "{8FE0F7D3-706D-4A73-82AF-E1B7CA787F91}"
EndProject
Project("{8BC9CEB8-8B4A-11D0-8D11-00A0C91BC942}") = "target-with-functions-from-dll", "target-with-functions-from-dll\target-with-functions-from-dll.vcxproj", "{14E87E74-53F4-4A61-BCD2-7C5220781E36}"
EndProject
Project("{8BC9CEB8-8B4A-11D0-8D11-00A0C91BC942}") = "hook-by-symbol-name", "hook-by-symbol-name\hook-by-symbol-name.vcxproj", "{0E41C3E2-76B0-484B-9E5C-3B72E3C486E5}"
EndProject
Project("{8BC9CEB8-8B4A-11D0-8D11-00A0C91BC942}") = "getnum-dll", "getnum-dll\getnum-dll.vcxproj", "{CF666E39-4916-457D-8FDF-4EDA6C973EEF}"
EndProject
Project("{8BC9CEB8-8B4A-11D0-8D11-00A0C91BC942}") = "hook-by-rva", "hook-by-rva\hook-by-rva.vcxproj", "{2C6F766E-C86E-4B91-BECF-1665499AEF62}"
EndProject
Project("{8BC9CEB8-8B4A-11D0-8D11-00A0C91BC942}") = "hook-func-imported-from-dll-by-target", "hook-func-imported-from-dll-by-target\hook-func-imported-from-dll-by-target.vcxproj", "{2BB06822-30C3-4A5B-9D5C-3F4663B5FE66}"
EndProject
Project("{8BC9CEB8-8B4A-11D0-8D11-00A0C91BC942}") = "payload-dll", "payload-dll\payload-dll.vcxproj", "{80231787-1BA8-4178-8B5B-483069627B35}"
EndProject
Project("{2150E333-8FDC-42A3-9474-1A3956D46DE8}") = "Hooking Functions In Same Process", "Hooking Functions In Same Process", "{04DCAF76-0A2C-4144-A281-A6DBA958FFA7}"
EndProject
Project("{2150E333-8FDC-42A3-9474-1A3956D46DE8}") = "Hooking Other Processes", "Hooking Other Processes", "{5DC45C60-3958-4F69-AD97-4E4003592695}"
EndProject
Project("{2150E333-8FDC-42A3-9474-1A3956D46DE8}") = "Simple Targets", "Simple Targets", "{AF5D0A4A-A507-4151-B226-C4DAD9EF9C51}"
EndProject
Project("{8BC9CEB8-8B4A-11D0-8D11-00A0C91BC942}") = "trampoline-free-function-same-process", "trampoline-free-function-same-process\trampoline-free-function-same-process.vcxproj", "{41292C23-F5C7-4547-93C2-14F67CC8FF2E}"
EndProject
Project("{8BC9CEB8-8B4A-11D0-8D11-00A0C91BC942}") = "trampoline-embedded-disasm-same-process", "trampoline-embedded-disasm-same-process\trampoline-embedded-disasm-same-process.vcxproj", "{68361B1D-7C5F-498B-A1BD-3686B272C2CF}"
EndProject
Project("{8BC9CEB8-8B4A-11D0-8D11-00A0C91BC942}") = "multiple-trampolines-multiple-hooks", "multiple-trampolines-multiple-hooks\multiple-trampolines-multiple-hooks.vcxproj", "{1C29B985-75E6-49A5-B526-08F9897C6696}"
EndProject
Project("{8BC9CEB8-8B4A-11D0-8D11-00A0C91BC942}") = "threadsafe-trampoline-install", "threadsafe-trampoline-install\threadsafe-trampoline-install.vcxproj", "{8F337C00-842C-4BA3-833B-EDCEA439B753}"
EndProject
Project("{8BC9CEB8-8B4A-11D0-8D11-00A0C91BC942}") = "trampoline-imported-func-with-dll-injection", "trampoline-imported-func-with-dll-injection\trampoline-imported-func-with-dll-injection.vcxproj", "{9A1B03FF-C058-4CF0-A125-C70D22D456B8}"
EndProject
Project("{8BC9CEB8-8B4A-11D0-8D11-00A0C91BC942}") = "trampoline-imported-func-dll-payload", "trampoline-imported-func-dll-payload\trampoline-imported-func-dll-payload.vcxproj", "{00F1BD41-0AB0-4369-87C1-40696BCB9EBB}"
EndProject
Project("{2150E333-8FDC-42A3-9474-1A3956D46DE8}") = "Trampoline Hooking Target Apps", "Trampoline Hooking Target Apps", "{D10F844F-6932-44BE-A7AA-02F07B086850}"
EndProject
Project("{2150E333-8FDC-42A3-9474-1A3956D46DE8}") = "Trampoline Hooking MSPaint", "Trampoline Hooking MSPaint", "{02F374C3-C93B-4433-8845-4E108B0C3965}"
EndProject
Project("{8BC9CEB8-8B4A-11D0-8D11-00A0C91BC942}") = "trampoline-hook-mspaint", "trampoline-hook-mspaint\trampoline-hook-mspaint.vcxproj", "{54DACE5F-E555-46EC-A442-DF21ED41BB7E}"
EndProject
Project("{8BC9CEB8-8B4A-11D0-8D11-00A0C91BC942}") = "trampoline-hook-mspaint-payload", "trampoline-hook-mspaint-payload\trampoline-hook-mspaint-payload.vcxproj", "{34BEA952-B2D7-4206-BA79-895F445CD34E}"
EndProject
Project("{8BC9CEB8-8B4A-11D0-8D11-00A0C91BC942}") = "01 - Hook Free Function (x86)", "01 - Hook Free Function (x86)\01 - Hook Free Function (x86).vcxproj", "{445C1A92-51B6-4279-8351-DA36CBA9FEB4}"
EndProject
Project("{8BC9CEB8-8B4A-11D0-8D11-00A0C91BC942}") = "02 - Hook Free Function (x64)", "02 - Hook Free Function (x64)\02 - Hook Free Function (x64).vcxproj", "{3098ED47-BCC2-49CD-86B0-EE8A5F5CD1B3}"
EndProject
Project("{8BC9CEB8-8B4A-11D0-8D11-00A0C91BC942}") = "03 - Hook Member Function", "03 - Hook Member Function\03 - Hook Member Function.vcxproj", "{8C3A73E0-1AEA-4299-82D8-3E145A455F5D}"
EndProject
Project("{8BC9CEB8-8B4A-11D0-8D11-00A0C91BC942}") = "04 - Hook Virtual Function", "04 - Hook Virtual Function\04 - Hook Virtual Function.vcxproj", "{973E32AB-7B3A-4C8C-8784-9707508CA521}"
EndProject
Project("{8BC9CEB8-8B4A-11D0-8D11-00A0C91BC942}") = "05 - Hook Other Process By Symbol Name", "05 - Hook Other Process By Symbol Name\05 - Hook Other Process By Symbol Name.vcxproj", "{EA5872D3-A64C-446E-ABB9-B4CBF801C18A}"
EndProject
Project("{8BC9CEB8-8B4A-11D0-8D11-00A0C91BC942}") = "A - Target With Free Functions", "A - Target With Free Functions\A - Target With Free Functions.vcxproj", "{70A67C4A-C130-4E3F-89BE-6D37D513B6A4}"
EndProject
Project("{8BC9CEB8-8B4A-11D0-8D11-00A0C91BC942}") = "B - Target With Free Function From DLL", "B - Target With Free Function From DLL\B - Target With Free Function From DLL.vcxproj", "{2787AB31-3560-4C48-998F-7B268277C0C0}"
EndProject
Project("{8BC9CEB8-8B4A-11D0-8D11-00A0C91BC942}") = "B2 - GetNum-DLL", "B2 - GetNum-DL\B2 - GetNum-DL.vcxproj", "{84BBE455-5095-4F66-BFF8-75B701E375FB}"
EndProject
Project("{8BC9CEB8-8B4A-11D0-8D11-00A0C91BC942}") = "C - Target With Non-Virtual Member Functions", "C - Target With Non-Virtual Member Functions\C - Target With Non-Virtual Member Functions.vcxproj", "{9876D9CF-1993-4A2F-9FD3-CCFEB3278689}"
EndProject
Project("{8BC9CEB8-8B4A-11D0-8D11-00A0C91BC942}") = "D - Target With Virtual Member Function", "D - Target With Virtual Member Function\D - Target With Virtual Member Function.vcxproj", "{018DECE4-CDB7-4E2C-A62E-C84DBDF940B3}"
EndProject
Project("{8BC9CEB8-8B4A-11D0-8D11-00A0C91BC942}") = "06 - Hook Func Imported From DLL By Other Process", "06 - Hook Func Imported From DLL By Other Process\06 - Hook Func Imported From DLL By Other Process.vcxproj", "{B9385B51-8AD3-4619-A3D7-F306159406F6}"
EndProject
Project("{8BC9CEB8-8B4A-11D0-8D11-00A0C91BC942}") = "07 - Hook Other Process By RVA", "07 - Hook Other Process By RVA\07 - Hook Other Process By RVA.vcxproj", "{8B906E0D-455F-4C63-9705-1EB5C1CABFDD}"
EndProject
Project("{8BC9CEB8-8B4A-11D0-8D11-00A0C91BC942}") = "08 - Hook Other Process By RVA with DLL Payload", "08 - Hook Other Process By RVA with DLL Payload\08 - Hook Other Process By RVA with DLL Payload.vcxproj", "{BAE24F23-D03B-4608-BA53-E3948A6DFA0B}"
EndProject
Project("{8BC9CEB8-8B4A-11D0-8D11-00A0C91BC942}") = "08B-DLL-Payload", "08B-DLL-Payload\08B-DLL-Payload.vcxproj", "{5A716696-955E-429E-80AA-A19B1DCA1D80}"
EndProject
Project("{8BC9CEB8-8B4A-11D0-8D11-00A0C91BC942}") = "09 - Trampoline Free Function In Same Process", "09 - Trampoline Free Function In Same Process\09 - Trampoline Free Function In Same Process.vcxproj", "{23DBCB50-0F04-45F8-BC80-BD8E36CB56EB}"
EndProject
Project("{8BC9CEB8-8B4A-11D0-8D11-00A0C91BC942}") = "10 - Trampoline With Disassembler In Same Process", "10 - Trampoline With Disassembler In Same Process\10 - Trampoline With Disassembler In Same Process.vcxproj", "{0820F099-F424-4B2B-9E94-8AD3CFDA500C}"
EndProject
Project("{8BC9CEB8-8B4A-11D0-8D11-00A0C91BC942}") = "11 - Trampoline With Thread-Safer Install", "11 - Trampoline With Thread-Safer Install\11 - Trampoline With Thread-Safer Install.vcxproj", "{07929193-10BE-45E0-A420-C0AC528CF8AD}"
EndProject
Project("{8BC9CEB8-8B4A-11D0-8D11-00A0C91BC942}") = "12 - Multiple Trampolines, Multiple Hooks", "12 - Multiple Trampolines, Multiple Hooks\12 - Multiple Trampolines, Multiple Hooks.vcxproj", "{1E040C08-CB1D-4269-9735-6CE9FBCEEFF4}"
EndProject
Project("{8BC9CEB8-8B4A-11D0-8D11-00A0C91BC942}") = "13 - Trampoline Imported Func With DLL Injection", "13 - Trampoline Imported Func With DLL Injection\13 - Trampoline Imported Func With DLL Injection.vcxproj", "{95EEFCE7-3808-44C6-BBE7-C6D72F4686B0}"
EndProject
Project("{8BC9CEB8-8B4A-11D0-8D11-00A0C91BC942}") = "13B - Trampoline Imported Func DLL Payload", "13B - Trampoline Imported Func DLL Payload\13B - Trampoline Imported Func DLL Payload.vcxproj", "{0172CDB2-80DA-4E7E-A589-89F4E98D040E}"
EndProject
Project("{8BC9CEB8-8B4A-11D0-8D11-00A0C91BC942}") = "14 - Trampoline Hook MSPaint", "14 - Trampoline Hook MSPaint\14 - Trampoline Hook MSPaint.vcxproj", "{2E4CA377-202F-4AE3-B490-05F9166B5D2F}"
EndProject
Project("{8BC9CEB8-8B4A-11D0-8D11-00A0C91BC942}") = "14B - Trampoline Hook MSPaint Payload", "14B - Trampoline Hook MSPaint Payload\14B - Trampoline Hook MSPaint Payload.vcxproj", "{BD2FE2EC-67BA-42DA-8731-780E5C999270}"
EndProject
Global
	GlobalSection(SolutionConfigurationPlatforms) = preSolution
		Debug|x64 = Debug|x64
		Debug|x86 = Debug|x86
		Release|x64 = Release|x64
		Release|x86 = Release|x86
	EndGlobalSection
	GlobalSection(ProjectConfigurationPlatforms) = postSolution
		{33613AC6-08C6-48E1-B187-CC1B3FA0EE38}.Debug|x64.ActiveCfg = Debug|x64
		{33613AC6-08C6-48E1-B187-CC1B3FA0EE38}.Debug|x64.Build.0 = Debug|x64
		{33613AC6-08C6-48E1-B187-CC1B3FA0EE38}.Debug|x86.ActiveCfg = Debug|Win32
		{33613AC6-08C6-48E1-B187-CC1B3FA0EE38}.Debug|x86.Build.0 = Debug|Win32
		{33613AC6-08C6-48E1-B187-CC1B3FA0EE38}.Release|x64.ActiveCfg = Release|x64
		{33613AC6-08C6-48E1-B187-CC1B3FA0EE38}.Release|x64.Build.0 = Release|x64
		{33613AC6-08C6-48E1-B187-CC1B3FA0EE38}.Release|x86.ActiveCfg = Release|Win32
		{33613AC6-08C6-48E1-B187-CC1B3FA0EE38}.Release|x86.Build.0 = Release|Win32
		{B5A5A457-3512-4F70-B2EF-CD1423EA8E47}.Debug|x64.ActiveCfg = Debug|x64
		{B5A5A457-3512-4F70-B2EF-CD1423EA8E47}.Debug|x64.Build.0 = Debug|x64
		{B5A5A457-3512-4F70-B2EF-CD1423EA8E47}.Debug|x86.ActiveCfg = Debug|Win32
		{B5A5A457-3512-4F70-B2EF-CD1423EA8E47}.Debug|x86.Build.0 = Debug|Win32
		{B5A5A457-3512-4F70-B2EF-CD1423EA8E47}.Release|x64.ActiveCfg = Release|x64
		{B5A5A457-3512-4F70-B2EF-CD1423EA8E47}.Release|x64.Build.0 = Release|x64
		{B5A5A457-3512-4F70-B2EF-CD1423EA8E47}.Release|x86.ActiveCfg = Release|Win32
		{B5A5A457-3512-4F70-B2EF-CD1423EA8E47}.Release|x86.Build.0 = Release|Win32
		{384F0EB7-2732-4FBE-8FE3-F7184B9256EC}.Debug|x64.ActiveCfg = Debug|x64
		{384F0EB7-2732-4FBE-8FE3-F7184B9256EC}.Debug|x64.Build.0 = Debug|x64
		{384F0EB7-2732-4FBE-8FE3-F7184B9256EC}.Debug|x86.ActiveCfg = Debug|Win32
		{384F0EB7-2732-4FBE-8FE3-F7184B9256EC}.Debug|x86.Build.0 = Debug|Win32
		{384F0EB7-2732-4FBE-8FE3-F7184B9256EC}.Release|x64.ActiveCfg = Release|x64
		{384F0EB7-2732-4FBE-8FE3-F7184B9256EC}.Release|x64.Build.0 = Release|x64
		{384F0EB7-2732-4FBE-8FE3-F7184B9256EC}.Release|x86.ActiveCfg = Release|Win32
		{384F0EB7-2732-4FBE-8FE3-F7184B9256EC}.Release|x86.Build.0 = Release|Win32
		{5F40CE1F-A093-4F58-AFA2-1AC190DF0D15}.Debug|x64.ActiveCfg = Debug|x64
		{5F40CE1F-A093-4F58-AFA2-1AC190DF0D15}.Debug|x64.Build.0 = Debug|x64
		{5F40CE1F-A093-4F58-AFA2-1AC190DF0D15}.Debug|x86.ActiveCfg = Debug|Win32
		{5F40CE1F-A093-4F58-AFA2-1AC190DF0D15}.Debug|x86.Build.0 = Debug|Win32
		{5F40CE1F-A093-4F58-AFA2-1AC190DF0D15}.Release|x64.ActiveCfg = Release|x64
		{5F40CE1F-A093-4F58-AFA2-1AC190DF0D15}.Release|x64.Build.0 = Release|x64
		{5F40CE1F-A093-4F58-AFA2-1AC190DF0D15}.Release|x86.ActiveCfg = Release|Win32
		{5F40CE1F-A093-4F58-AFA2-1AC190DF0D15}.Release|x86.Build.0 = Release|Win32
		{B381F163-1892-49AF-8F29-638277676D40}.Debug|x64.ActiveCfg = Debug|x64
		{B381F163-1892-49AF-8F29-638277676D40}.Debug|x64.Build.0 = Debug|x64
		{B381F163-1892-49AF-8F29-638277676D40}.Debug|x86.ActiveCfg = Debug|Win32
		{B381F163-1892-49AF-8F29-638277676D40}.Debug|x86.Build.0 = Debug|Win32
		{B381F163-1892-49AF-8F29-638277676D40}.Release|x64.ActiveCfg = Release|x64
		{B381F163-1892-49AF-8F29-638277676D40}.Release|x64.Build.0 = Release|x64
		{B381F163-1892-49AF-8F29-638277676D40}.Release|x86.ActiveCfg = Release|Win32
		{B381F163-1892-49AF-8F29-638277676D40}.Release|x86.Build.0 = Release|Win32
		{EEBED021-72EB-4AF9-8F00-EAF1AF9675BB}.Debug|x64.ActiveCfg = Debug|x64
		{EEBED021-72EB-4AF9-8F00-EAF1AF9675BB}.Debug|x64.Build.0 = Debug|x64
		{EEBED021-72EB-4AF9-8F00-EAF1AF9675BB}.Debug|x86.ActiveCfg = Debug|Win32
		{EEBED021-72EB-4AF9-8F00-EAF1AF9675BB}.Debug|x86.Build.0 = Debug|Win32
		{EEBED021-72EB-4AF9-8F00-EAF1AF9675BB}.Release|x64.ActiveCfg = Release|x64
		{EEBED021-72EB-4AF9-8F00-EAF1AF9675BB}.Release|x64.Build.0 = Release|x64
		{EEBED021-72EB-4AF9-8F00-EAF1AF9675BB}.Release|x86.ActiveCfg = Release|Win32
		{EEBED021-72EB-4AF9-8F00-EAF1AF9675BB}.Release|x86.Build.0 = Release|Win32
		{E73F59E5-A0D4-48F2-B3B4-AE820CD92285}.Debug|x64.ActiveCfg = Debug|x64
		{E73F59E5-A0D4-48F2-B3B4-AE820CD92285}.Debug|x64.Build.0 = Debug|x64
		{E73F59E5-A0D4-48F2-B3B4-AE820CD92285}.Debug|x86.ActiveCfg = Debug|Win32
		{E73F59E5-A0D4-48F2-B3B4-AE820CD92285}.Debug|x86.Build.0 = Debug|Win32
		{E73F59E5-A0D4-48F2-B3B4-AE820CD92285}.Release|x64.ActiveCfg = Release|x64
		{E73F59E5-A0D4-48F2-B3B4-AE820CD92285}.Release|x64.Build.0 = Release|x64
		{E73F59E5-A0D4-48F2-B3B4-AE820CD92285}.Release|x86.ActiveCfg = Release|Win32
		{E73F59E5-A0D4-48F2-B3B4-AE820CD92285}.Release|x86.Build.0 = Release|Win32
		{8FE0F7D3-706D-4A73-82AF-E1B7CA787F91}.Debug|x64.ActiveCfg = Debug|x64
		{8FE0F7D3-706D-4A73-82AF-E1B7CA787F91}.Debug|x64.Build.0 = Debug|x64
		{8FE0F7D3-706D-4A73-82AF-E1B7CA787F91}.Debug|x86.ActiveCfg = Debug|Win32
		{8FE0F7D3-706D-4A73-82AF-E1B7CA787F91}.Debug|x86.Build.0 = Debug|Win32
		{8FE0F7D3-706D-4A73-82AF-E1B7CA787F91}.Release|x64.ActiveCfg = Release|x64
		{8FE0F7D3-706D-4A73-82AF-E1B7CA787F91}.Release|x64.Build.0 = Release|x64
		{8FE0F7D3-706D-4A73-82AF-E1B7CA787F91}.Release|x86.ActiveCfg = Release|Win32
		{8FE0F7D3-706D-4A73-82AF-E1B7CA787F91}.Release|x86.Build.0 = Release|Win32
		{14E87E74-53F4-4A61-BCD2-7C5220781E36}.Debug|x64.ActiveCfg = Debug|x64
		{14E87E74-53F4-4A61-BCD2-7C5220781E36}.Debug|x64.Build.0 = Debug|x64
		{14E87E74-53F4-4A61-BCD2-7C5220781E36}.Debug|x86.ActiveCfg = Debug|Win32
		{14E87E74-53F4-4A61-BCD2-7C5220781E36}.Debug|x86.Build.0 = Debug|Win32
		{14E87E74-53F4-4A61-BCD2-7C5220781E36}.Release|x64.ActiveCfg = Release|x64
		{14E87E74-53F4-4A61-BCD2-7C5220781E36}.Release|x64.Build.0 = Release|x64
		{14E87E74-53F4-4A61-BCD2-7C5220781E36}.Release|x86.ActiveCfg = Release|Win32
		{14E87E74-53F4-4A61-BCD2-7C5220781E36}.Release|x86.Build.0 = Release|Win32
		{0E41C3E2-76B0-484B-9E5C-3B72E3C486E5}.Debug|x64.ActiveCfg = Debug|x64
		{0E41C3E2-76B0-484B-9E5C-3B72E3C486E5}.Debug|x64.Build.0 = Debug|x64
		{0E41C3E2-76B0-484B-9E5C-3B72E3C486E5}.Debug|x86.ActiveCfg = Debug|Win32
		{0E41C3E2-76B0-484B-9E5C-3B72E3C486E5}.Debug|x86.Build.0 = Debug|Win32
		{0E41C3E2-76B0-484B-9E5C-3B72E3C486E5}.Release|x64.ActiveCfg = Release|x64
		{0E41C3E2-76B0-484B-9E5C-3B72E3C486E5}.Release|x64.Build.0 = Release|x64
		{0E41C3E2-76B0-484B-9E5C-3B72E3C486E5}.Release|x86.ActiveCfg = Release|Win32
		{0E41C3E2-76B0-484B-9E5C-3B72E3C486E5}.Release|x86.Build.0 = Release|Win32
		{CF666E39-4916-457D-8FDF-4EDA6C973EEF}.Debug|x64.ActiveCfg = Debug|x64
		{CF666E39-4916-457D-8FDF-4EDA6C973EEF}.Debug|x64.Build.0 = Debug|x64
		{CF666E39-4916-457D-8FDF-4EDA6C973EEF}.Debug|x86.ActiveCfg = Debug|Win32
		{CF666E39-4916-457D-8FDF-4EDA6C973EEF}.Debug|x86.Build.0 = Debug|Win32
		{CF666E39-4916-457D-8FDF-4EDA6C973EEF}.Release|x64.ActiveCfg = Release|x64
		{CF666E39-4916-457D-8FDF-4EDA6C973EEF}.Release|x64.Build.0 = Release|x64
		{CF666E39-4916-457D-8FDF-4EDA6C973EEF}.Release|x86.ActiveCfg = Release|Win32
		{CF666E39-4916-457D-8FDF-4EDA6C973EEF}.Release|x86.Build.0 = Release|Win32
		{2C6F766E-C86E-4B91-BECF-1665499AEF62}.Debug|x64.ActiveCfg = Debug|x64
		{2C6F766E-C86E-4B91-BECF-1665499AEF62}.Debug|x64.Build.0 = Debug|x64
		{2C6F766E-C86E-4B91-BECF-1665499AEF62}.Debug|x86.ActiveCfg = Debug|Win32
		{2C6F766E-C86E-4B91-BECF-1665499AEF62}.Debug|x86.Build.0 = Debug|Win32
		{2C6F766E-C86E-4B91-BECF-1665499AEF62}.Release|x64.ActiveCfg = Release|x64
		{2C6F766E-C86E-4B91-BECF-1665499AEF62}.Release|x64.Build.0 = Release|x64
		{2C6F766E-C86E-4B91-BECF-1665499AEF62}.Release|x86.ActiveCfg = Release|Win32
		{2C6F766E-C86E-4B91-BECF-1665499AEF62}.Release|x86.Build.0 = Release|Win32
		{2BB06822-30C3-4A5B-9D5C-3F4663B5FE66}.Debug|x64.ActiveCfg = Debug|x64
		{2BB06822-30C3-4A5B-9D5C-3F4663B5FE66}.Debug|x64.Build.0 = Debug|x64
		{2BB06822-30C3-4A5B-9D5C-3F4663B5FE66}.Debug|x86.ActiveCfg = Debug|Win32
		{2BB06822-30C3-4A5B-9D5C-3F4663B5FE66}.Debug|x86.Build.0 = Debug|Win32
		{2BB06822-30C3-4A5B-9D5C-3F4663B5FE66}.Release|x64.ActiveCfg = Release|x64
		{2BB06822-30C3-4A5B-9D5C-3F4663B5FE66}.Release|x64.Build.0 = Release|x64
		{2BB06822-30C3-4A5B-9D5C-3F4663B5FE66}.Release|x86.ActiveCfg = Release|Win32
		{2BB06822-30C3-4A5B-9D5C-3F4663B5FE66}.Release|x86.Build.0 = Release|Win32
		{80231787-1BA8-4178-8B5B-483069627B35}.Debug|x64.ActiveCfg = Debug|x64
		{80231787-1BA8-4178-8B5B-483069627B35}.Debug|x64.Build.0 = Debug|x64
		{80231787-1BA8-4178-8B5B-483069627B35}.Debug|x86.ActiveCfg = Debug|Win32
		{80231787-1BA8-4178-8B5B-483069627B35}.Debug|x86.Build.0 = Debug|Win32
		{80231787-1BA8-4178-8B5B-483069627B35}.Release|x64.ActiveCfg = Release|x64
		{80231787-1BA8-4178-8B5B-483069627B35}.Release|x64.Build.0 = Release|x64
		{80231787-1BA8-4178-8B5B-483069627B35}.Release|x86.ActiveCfg = Release|Win32
		{80231787-1BA8-4178-8B5B-483069627B35}.Release|x86.Build.0 = Release|Win32
		{41292C23-F5C7-4547-93C2-14F67CC8FF2E}.Debug|x64.ActiveCfg = Debug|x64
		{41292C23-F5C7-4547-93C2-14F67CC8FF2E}.Debug|x64.Build.0 = Debug|x64
		{41292C23-F5C7-4547-93C2-14F67CC8FF2E}.Debug|x86.ActiveCfg = Debug|Win32
		{41292C23-F5C7-4547-93C2-14F67CC8FF2E}.Debug|x86.Build.0 = Debug|Win32
		{41292C23-F5C7-4547-93C2-14F67CC8FF2E}.Release|x64.ActiveCfg = Release|x64
		{41292C23-F5C7-4547-93C2-14F67CC8FF2E}.Release|x64.Build.0 = Release|x64
		{41292C23-F5C7-4547-93C2-14F67CC8FF2E}.Release|x86.ActiveCfg = Release|Win32
		{41292C23-F5C7-4547-93C2-14F67CC8FF2E}.Release|x86.Build.0 = Release|Win32
		{68361B1D-7C5F-498B-A1BD-3686B272C2CF}.Debug|x64.ActiveCfg = Debug|x64
		{68361B1D-7C5F-498B-A1BD-3686B272C2CF}.Debug|x64.Build.0 = Debug|x64
		{68361B1D-7C5F-498B-A1BD-3686B272C2CF}.Debug|x86.ActiveCfg = Debug|Win32
		{68361B1D-7C5F-498B-A1BD-3686B272C2CF}.Debug|x86.Build.0 = Debug|Win32
		{68361B1D-7C5F-498B-A1BD-3686B272C2CF}.Release|x64.ActiveCfg = Release|x64
		{68361B1D-7C5F-498B-A1BD-3686B272C2CF}.Release|x64.Build.0 = Release|x64
		{68361B1D-7C5F-498B-A1BD-3686B272C2CF}.Release|x86.ActiveCfg = Release|Win32
		{68361B1D-7C5F-498B-A1BD-3686B272C2CF}.Release|x86.Build.0 = Release|Win32
		{1C29B985-75E6-49A5-B526-08F9897C6696}.Debug|x64.ActiveCfg = Debug|x64
		{1C29B985-75E6-49A5-B526-08F9897C6696}.Debug|x64.Build.0 = Debug|x64
		{1C29B985-75E6-49A5-B526-08F9897C6696}.Debug|x86.ActiveCfg = Debug|Win32
		{1C29B985-75E6-49A5-B526-08F9897C6696}.Debug|x86.Build.0 = Debug|Win32
		{1C29B985-75E6-49A5-B526-08F9897C6696}.Release|x64.ActiveCfg = Release|x64
		{1C29B985-75E6-49A5-B526-08F9897C6696}.Release|x64.Build.0 = Release|x64
		{1C29B985-75E6-49A5-B526-08F9897C6696}.Release|x86.ActiveCfg = Release|Win32
		{1C29B985-75E6-49A5-B526-08F9897C6696}.Release|x86.Build.0 = Release|Win32
		{8F337C00-842C-4BA3-833B-EDCEA439B753}.Debug|x64.ActiveCfg = Debug|x64
		{8F337C00-842C-4BA3-833B-EDCEA439B753}.Debug|x64.Build.0 = Debug|x64
		{8F337C00-842C-4BA3-833B-EDCEA439B753}.Debug|x86.ActiveCfg = Debug|Win32
		{8F337C00-842C-4BA3-833B-EDCEA439B753}.Debug|x86.Build.0 = Debug|Win32
		{8F337C00-842C-4BA3-833B-EDCEA439B753}.Release|x64.ActiveCfg = Release|x64
		{8F337C00-842C-4BA3-833B-EDCEA439B753}.Release|x64.Build.0 = Release|x64
		{8F337C00-842C-4BA3-833B-EDCEA439B753}.Release|x86.ActiveCfg = Release|Win32
		{8F337C00-842C-4BA3-833B-EDCEA439B753}.Release|x86.Build.0 = Release|Win32
		{9A1B03FF-C058-4CF0-A125-C70D22D456B8}.Debug|x64.ActiveCfg = Debug|x64
		{9A1B03FF-C058-4CF0-A125-C70D22D456B8}.Debug|x64.Build.0 = Debug|x64
		{9A1B03FF-C058-4CF0-A125-C70D22D456B8}.Debug|x86.ActiveCfg = Debug|Win32
		{9A1B03FF-C058-4CF0-A125-C70D22D456B8}.Debug|x86.Build.0 = Debug|Win32
		{9A1B03FF-C058-4CF0-A125-C70D22D456B8}.Release|x64.ActiveCfg = Release|x64
		{9A1B03FF-C058-4CF0-A125-C70D22D456B8}.Release|x64.Build.0 = Release|x64
		{9A1B03FF-C058-4CF0-A125-C70D22D456B8}.Release|x86.ActiveCfg = Release|Win32
		{9A1B03FF-C058-4CF0-A125-C70D22D456B8}.Release|x86.Build.0 = Release|Win32
		{00F1BD41-0AB0-4369-87C1-40696BCB9EBB}.Debug|x64.ActiveCfg = Debug|x64
		{00F1BD41-0AB0-4369-87C1-40696BCB9EBB}.Debug|x64.Build.0 = Debug|x64
		{00F1BD41-0AB0-4369-87C1-40696BCB9EBB}.Debug|x86.ActiveCfg = Debug|Win32
		{00F1BD41-0AB0-4369-87C1-40696BCB9EBB}.Debug|x86.Build.0 = Debug|Win32
		{00F1BD41-0AB0-4369-87C1-40696BCB9EBB}.Release|x64.ActiveCfg = Release|x64
		{00F1BD41-0AB0-4369-87C1-40696BCB9EBB}.Release|x64.Build.0 = Release|x64
		{00F1BD41-0AB0-4369-87C1-40696BCB9EBB}.Release|x86.ActiveCfg = Release|Win32
		{00F1BD41-0AB0-4369-87C1-40696BCB9EBB}.Release|x86.Build.0 = Release|Win32
		{54DACE5F-E555-46EC-A442-DF21ED41BB7E}.Debug|x64.ActiveCfg = Debug|x64
		{54DACE5F-E555-46EC-A442-DF21ED41BB7E}.Debug|x64.Build.0 = Debug|x64
		{54DACE5F-E555-46EC-A442-DF21ED41BB7E}.Debug|x86.ActiveCfg = Debug|Win32
		{54DACE5F-E555-46EC-A442-DF21ED41BB7E}.Debug|x86.Build.0 = Debug|Win32
		{54DACE5F-E555-46EC-A442-DF21ED41BB7E}.Release|x64.ActiveCfg = Release|x64
		{54DACE5F-E555-46EC-A442-DF21ED41BB7E}.Release|x64.Build.0 = Release|x64
		{54DACE5F-E555-46EC-A442-DF21ED41BB7E}.Release|x86.ActiveCfg = Release|Win32
		{54DACE5F-E555-46EC-A442-DF21ED41BB7E}.Release|x86.Build.0 = Release|Win32
		{34BEA952-B2D7-4206-BA79-895F445CD34E}.Debug|x64.ActiveCfg = Debug|x64
		{34BEA952-B2D7-4206-BA79-895F445CD34E}.Debug|x64.Build.0 = Debug|x64
		{34BEA952-B2D7-4206-BA79-895F445CD34E}.Debug|x86.ActiveCfg = Debug|Win32
		{34BEA952-B2D7-4206-BA79-895F445CD34E}.Debug|x86.Build.0 = Debug|Win32
		{34BEA952-B2D7-4206-BA79-895F445CD34E}.Release|x64.ActiveCfg = Release|x64
		{34BEA952-B2D7-4206-BA79-895F445CD34E}.Release|x64.Build.0 = Release|x64
		{34BEA952-B2D7-4206-BA79-895F445CD34E}.Release|x86.ActiveCfg = Release|Win32
		{34BEA952-B2D7-4206-BA79-895F445CD34E}.Release|x86.Build.0 = Release|Win32
		{445C1A92-51B6-4279-8351-DA36CBA9FEB4}.Debug|x64.ActiveCfg = Debug|x64
		{445C1A92-51B6-4279-8351-DA36CBA9FEB4}.Debug|x64.Build.0 = Debug|x64
		{445C1A92-51B6-4279-8351-DA36CBA9FEB4}.Debug|x86.ActiveCfg = Debug|Win32
		{445C1A92-51B6-4279-8351-DA36CBA9FEB4}.Debug|x86.Build.0 = Debug|Win32
		{445C1A92-51B6-4279-8351-DA36CBA9FEB4}.Release|x64.ActiveCfg = Release|x64
		{445C1A92-51B6-4279-8351-DA36CBA9FEB4}.Release|x64.Build.0 = Release|x64
		{445C1A92-51B6-4279-8351-DA36CBA9FEB4}.Release|x86.ActiveCfg = Release|Win32
		{445C1A92-51B6-4279-8351-DA36CBA9FEB4}.Release|x86.Build.0 = Release|Win32
		{3098ED47-BCC2-49CD-86B0-EE8A5F5CD1B3}.Debug|x64.ActiveCfg = Debug|x64
		{3098ED47-BCC2-49CD-86B0-EE8A5F5CD1B3}.Debug|x64.Build.0 = Debug|x64
		{3098ED47-BCC2-49CD-86B0-EE8A5F5CD1B3}.Debug|x86.ActiveCfg = Debug|Win32
		{3098ED47-BCC2-49CD-86B0-EE8A5F5CD1B3}.Debug|x86.Build.0 = Debug|Win32
		{3098ED47-BCC2-49CD-86B0-EE8A5F5CD1B3}.Release|x64.ActiveCfg = Release|x64
		{3098ED47-BCC2-49CD-86B0-EE8A5F5CD1B3}.Release|x64.Build.0 = Release|x64
		{3098ED47-BCC2-49CD-86B0-EE8A5F5CD1B3}.Release|x86.ActiveCfg = Release|Win32
		{3098ED47-BCC2-49CD-86B0-EE8A5F5CD1B3}.Release|x86.Build.0 = Release|Win32
		{8C3A73E0-1AEA-4299-82D8-3E145A455F5D}.Debug|x64.ActiveCfg = Debug|x64
		{8C3A73E0-1AEA-4299-82D8-3E145A455F5D}.Debug|x64.Build.0 = Debug|x64
		{8C3A73E0-1AEA-4299-82D8-3E145A455F5D}.Debug|x86.ActiveCfg = Debug|Win32
		{8C3A73E0-1AEA-4299-82D8-3E145A455F5D}.Debug|x86.Build.0 = Debug|Win32
		{8C3A73E0-1AEA-4299-82D8-3E145A455F5D}.Release|x64.ActiveCfg = Release|x64
		{8C3A73E0-1AEA-4299-82D8-3E145A455F5D}.Release|x64.Build.0 = Release|x64
		{8C3A73E0-1AEA-4299-82D8-3E145A455F5D}.Release|x86.ActiveCfg = Release|Win32
		{8C3A73E0-1AEA-4299-82D8-3E145A455F5D}.Release|x86.Build.0 = Release|Win32
		{973E32AB-7B3A-4C8C-8784-9707508CA521}.Debug|x64.ActiveCfg = Debug|x64
		{973E32AB-7B3A-4C8C-8784-9707508CA521}.Debug|x64.Build.0 = Debug|x64
		{973E32AB-7B3A-4C8C-8784-9707508CA521}.Debug|x86.ActiveCfg = Debug|Win32
		{973E32AB-7B3A-4C8C-8784-9707508CA521}.Debug|x86.Build.0 = Debug|Win32
		{973E32AB-7B3A-4C8C-8784-9707508CA521}.Release|x64.ActiveCfg = Release|x64
		{973E32AB-7B3A-4C8C-8784-9707508CA521}.Release|x64.Build.0 = Release|x64
		{973E32AB-7B3A-4C8C-8784-9707508CA521}.Release|x86.ActiveCfg = Release|Win32
		{973E32AB-7B3A-4C8C-8784-9707508CA521}.Release|x86.Build.0 = Release|Win32
		{EA5872D3-A64C-446E-ABB9-B4CBF801C18A}.Debug|x64.ActiveCfg = Debug|x64
		{EA5872D3-A64C-446E-ABB9-B4CBF801C18A}.Debug|x64.Build.0 = Debug|x64
		{EA5872D3-A64C-446E-ABB9-B4CBF801C18A}.Debug|x86.ActiveCfg = Debug|Win32
		{EA5872D3-A64C-446E-ABB9-B4CBF801C18A}.Debug|x86.Build.0 = Debug|Win32
		{EA5872D3-A64C-446E-ABB9-B4CBF801C18A}.Release|x64.ActiveCfg = Release|x64
		{EA5872D3-A64C-446E-ABB9-B4CBF801C18A}.Release|x64.Build.0 = Release|x64
		{EA5872D3-A64C-446E-ABB9-B4CBF801C18A}.Release|x86.ActiveCfg = Release|Win32
		{EA5872D3-A64C-446E-ABB9-B4CBF801C18A}.Release|x86.Build.0 = Release|Win32
		{70A67C4A-C130-4E3F-89BE-6D37D513B6A4}.Debug|x64.ActiveCfg = Debug|x64
		{70A67C4A-C130-4E3F-89BE-6D37D513B6A4}.Debug|x64.Build.0 = Debug|x64
		{70A67C4A-C130-4E3F-89BE-6D37D513B6A4}.Debug|x86.ActiveCfg = Debug|Win32
		{70A67C4A-C130-4E3F-89BE-6D37D513B6A4}.Debug|x86.Build.0 = Debug|Win32
		{70A67C4A-C130-4E3F-89BE-6D37D513B6A4}.Release|x64.ActiveCfg = Release|x64
		{70A67C4A-C130-4E3F-89BE-6D37D513B6A4}.Release|x64.Build.0 = Release|x64
		{70A67C4A-C130-4E3F-89BE-6D37D513B6A4}.Release|x86.ActiveCfg = Release|Win32
		{70A67C4A-C130-4E3F-89BE-6D37D513B6A4}.Release|x86.Build.0 = Release|Win32
		{2787AB31-3560-4C48-998F-7B268277C0C0}.Debug|x64.ActiveCfg = Debug|x64
		{2787AB31-3560-4C48-998F-7B268277C0C0}.Debug|x64.Build.0 = Debug|x64
		{2787AB31-3560-4C48-998F-7B268277C0C0}.Debug|x86.ActiveCfg = Debug|Win32
		{2787AB31-3560-4C48-998F-7B268277C0C0}.Debug|x86.Build.0 = Debug|Win32
		{2787AB31-3560-4C48-998F-7B268277C0C0}.Release|x64.ActiveCfg = Release|x64
		{2787AB31-3560-4C48-998F-7B268277C0C0}.Release|x64.Build.0 = Release|x64
		{2787AB31-3560-4C48-998F-7B268277C0C0}.Release|x86.ActiveCfg = Release|Win32
		{2787AB31-3560-4C48-998F-7B268277C0C0}.Release|x86.Build.0 = Release|Win32
		{84BBE455-5095-4F66-BFF8-75B701E375FB}.Debug|x64.ActiveCfg = Debug|x64
		{84BBE455-5095-4F66-BFF8-75B701E375FB}.Debug|x64.Build.0 = Debug|x64
		{84BBE455-5095-4F66-BFF8-75B701E375FB}.Debug|x86.ActiveCfg = Debug|Win32
		{84BBE455-5095-4F66-BFF8-75B701E375FB}.Debug|x86.Build.0 = Debug|Win32
		{84BBE455-5095-4F66-BFF8-75B701E375FB}.Release|x64.ActiveCfg = Release|x64
		{84BBE455-5095-4F66-BFF8-75B701E375FB}.Release|x64.Build.0 = Release|x64
		{84BBE455-5095-4F66-BFF8-75B701E375FB}.Release|x86.ActiveCfg = Release|Win32
		{84BBE455-5095-4F66-BFF8-75B701E375FB}.Release|x86.Build.0 = Release|Win32
		{9876D9CF-1993-4A2F-9FD3-CCFEB3278689}.Debug|x64.ActiveCfg = Debug|x64
		{9876D9CF-1993-4A2F-9FD3-CCFEB3278689}.Debug|x64.Build.0 = Debug|x64
		{9876D9CF-1993-4A2F-9FD3-CCFEB3278689}.Debug|x86.ActiveCfg = Debug|Win32
		{9876D9CF-1993-4A2F-9FD3-CCFEB3278689}.Debug|x86.Build.0 = Debug|Win32
		{9876D9CF-1993-4A2F-9FD3-CCFEB3278689}.Release|x64.ActiveCfg = Release|x64
		{9876D9CF-1993-4A2F-9FD3-CCFEB3278689}.Release|x64.Build.0 = Release|x64
		{9876D9CF-1993-4A2F-9FD3-CCFEB3278689}.Release|x86.ActiveCfg = Release|Win32
		{9876D9CF-1993-4A2F-9FD3-CCFEB3278689}.Release|x86.Build.0 = Release|Win32
		{018DECE4-CDB7-4E2C-A62E-C84DBDF940B3}.Debug|x64.ActiveCfg = Debug|x64
		{018DECE4-CDB7-4E2C-A62E-C84DBDF940B3}.Debug|x64.Build.0 = Debug|x64
		{018DECE4-CDB7-4E2C-A62E-C84DBDF940B3}.Debug|x86.ActiveCfg = Debug|Win32
		{018DECE4-CDB7-4E2C-A62E-C84DBDF940B3}.Debug|x86.Build.0 = Debug|Win32
		{018DECE4-CDB7-4E2C-A62E-C84DBDF940B3}.Release|x64.ActiveCfg = Release|x64
		{018DECE4-CDB7-4E2C-A62E-C84DBDF940B3}.Release|x64.Build.0 = Release|x64
		{018DECE4-CDB7-4E2C-A62E-C84DBDF940B3}.Release|x86.ActiveCfg = Release|Win32
		{018DECE4-CDB7-4E2C-A62E-C84DBDF940B3}.Release|x86.Build.0 = Release|Win32
		{B9385B51-8AD3-4619-A3D7-F306159406F6}.Debug|x64.ActiveCfg = Debug|x64
		{B9385B51-8AD3-4619-A3D7-F306159406F6}.Debug|x64.Build.0 = Debug|x64
		{B9385B51-8AD3-4619-A3D7-F306159406F6}.Debug|x86.ActiveCfg = Debug|Win32
		{B9385B51-8AD3-4619-A3D7-F306159406F6}.Debug|x86.Build.0 = Debug|Win32
		{B9385B51-8AD3-4619-A3D7-F306159406F6}.Release|x64.ActiveCfg = Release|x64
		{B9385B51-8AD3-4619-A3D7-F306159406F6}.Release|x64.Build.0 = Release|x64
		{B9385B51-8AD3-4619-A3D7-F306159406F6}.Release|x86.ActiveCfg = Release|Win32
		{B9385B51-8AD3-4619-A3D7-F306159406F6}.Release|x86.Build.0 = Release|Win32
		{8B906E0D-455F-4C63-9705-1EB5C1CABFDD}.Debug|x64.ActiveCfg = Debug|x64
		{8B906E0D-455F-4C63-9705-1EB5C1CABFDD}.Debug|x64.Build.0 = Debug|x64
		{8B906E0D-455F-4C63-9705-1EB5C1CABFDD}.Debug|x86.ActiveCfg = Debug|Win32
		{8B906E0D-455F-4C63-9705-1EB5C1CABFDD}.Debug|x86.Build.0 = Debug|Win32
		{8B906E0D-455F-4C63-9705-1EB5C1CABFDD}.Release|x64.ActiveCfg = Release|x64
		{8B906E0D-455F-4C63-9705-1EB5C1CABFDD}.Release|x64.Build.0 = Release|x64
		{8B906E0D-455F-4C63-9705-1EB5C1CABFDD}.Release|x86.ActiveCfg = Release|Win32
		{8B906E0D-455F-4C63-9705-1EB5C1CABFDD}.Release|x86.Build.0 = Release|Win32
		{BAE24F23-D03B-4608-BA53-E3948A6DFA0B}.Debug|x64.ActiveCfg = Debug|x64
		{BAE24F23-D03B-4608-BA53-E3948A6DFA0B}.Debug|x64.Build.0 = Debug|x64
		{BAE24F23-D03B-4608-BA53-E3948A6DFA0B}.Debug|x86.ActiveCfg = Debug|Win32
		{BAE24F23-D03B-4608-BA53-E3948A6DFA0B}.Debug|x86.Build.0 = Debug|Win32
		{BAE24F23-D03B-4608-BA53-E3948A6DFA0B}.Release|x64.ActiveCfg = Release|x64
		{BAE24F23-D03B-4608-BA53-E3948A6DFA0B}.Release|x64.Build.0 = Release|x64
		{BAE24F23-D03B-4608-BA53-E3948A6DFA0B}.Release|x86.ActiveCfg = Release|Win32
		{BAE24F23-D03B-4608-BA53-E3948A6DFA0B}.Release|x86.Build.0 = Release|Win32
		{5A716696-955E-429E-80AA-A19B1DCA1D80}.Debug|x64.ActiveCfg = Debug|x64
		{5A716696-955E-429E-80AA-A19B1DCA1D80}.Debug|x64.Build.0 = Debug|x64
		{5A716696-955E-429E-80AA-A19B1DCA1D80}.Debug|x86.ActiveCfg = Debug|Win32
		{5A716696-955E-429E-80AA-A19B1DCA1D80}.Debug|x86.Build.0 = Debug|Win32
		{5A716696-955E-429E-80AA-A19B1DCA1D80}.Release|x64.ActiveCfg = Release|x64
		{5A716696-955E-429E-80AA-A19B1DCA1D80}.Release|x64.Build.0 = Release|x64
		{5A716696-955E-429E-80AA-A19B1DCA1D80}.Release|x86.ActiveCfg = Release|Win32
		{5A716696-955E-429E-80AA-A19B1DCA1D80}.Release|x86.Build.0 = Release|Win32
		{23DBCB50-0F04-45F8-BC80-BD8E36CB56EB}.Debug|x64.ActiveCfg = Debug|x64
		{23DBCB50-0F04-45F8-BC80-BD8E36CB56EB}.Debug|x64.Build.0 = Debug|x64
		{23DBCB50-0F04-45F8-BC80-BD8E36CB56EB}.Debug|x86.ActiveCfg = Debug|Win32
		{23DBCB50-0F04-45F8-BC80-BD8E36CB56EB}.Debug|x86.Build.0 = Debug|Win32
		{23DBCB50-0F04-45F8-BC80-BD8E36CB56EB}.Release|x64.ActiveCfg = Release|x64
		{23DBCB50-0F04-45F8-BC80-BD8E36CB56EB}.Release|x64.Build.0 = Release|x64
		{23DBCB50-0F04-45F8-BC80-BD8E36CB56EB}.Release|x86.ActiveCfg = Release|Win32
		{23DBCB50-0F04-45F8-BC80-BD8E36CB56EB}.Release|x86.Build.0 = Release|Win32
		{0820F099-F424-4B2B-9E94-8AD3CFDA500C}.Debug|x64.ActiveCfg = Debug|x64
		{0820F099-F424-4B2B-9E94-8AD3CFDA500C}.Debug|x64.Build.0 = Debug|x64
		{0820F099-F424-4B2B-9E94-8AD3CFDA500C}.Debug|x86.ActiveCfg = Debug|Win32
		{0820F099-F424-4B2B-9E94-8AD3CFDA500C}.Debug|x86.Build.0 = Debug|Win32
		{0820F099-F424-4B2B-9E94-8AD3CFDA500C}.Release|x64.ActiveCfg = Release|x64
		{0820F099-F424-4B2B-9E94-8AD3CFDA500C}.Release|x64.Build.0 = Release|x64
		{0820F099-F424-4B2B-9E94-8AD3CFDA500C}.Release|x86.ActiveCfg = Release|Win32
		{0820F099-F424-4B2B-9E94-8AD3CFDA500C}.Release|x86.Build.0 = Release|Win32
		{07929193-10BE-45E0-A420-C0AC528CF8AD}.Debug|x64.ActiveCfg = Debug|x64
		{07929193-10BE-45E0-A420-C0AC528CF8AD}.Debug|x64.Build.0 = Debug|x64
		{07929193-10BE-45E0-A420-C0AC528CF8AD}.Debug|x86.ActiveCfg = Debug|Win32
		{07929193-10BE-45E0-A420-C0AC528CF8AD}.Debug|x86.Build.0 = Debug|Win32
		{07929193-10BE-45E0-A420-C0AC528CF8AD}.Release|x64.ActiveCfg = Release|x64
		{07929193-10BE-45E0-A420-C0AC528CF8AD}.Release|x64.Build.0 = Release|x64
		{07929193-10BE-45E0-A420-C0AC528CF8AD}.Release|x86.ActiveCfg = Release|Win32
		{07929193-10BE-45E0-A420-C0AC528CF8AD}.Release|x86.Build.0 = Release|Win32
		{1E040C08-CB1D-4269-9735-6CE9FBCEEFF4}.Debug|x64.ActiveCfg = Debug|x64
		{1E040C08-CB1D-4269-9735-6CE9FBCEEFF4}.Debug|x64.Build.0 = Debug|x64
		{1E040C08-CB1D-4269-9735-6CE9FBCEEFF4}.Debug|x86.ActiveCfg = Debug|Win32
		{1E040C08-CB1D-4269-9735-6CE9FBCEEFF4}.Debug|x86.Build.0 = Debug|Win32
		{1E040C08-CB1D-4269-9735-6CE9FBCEEFF4}.Release|x64.ActiveCfg = Release|x64
		{1E040C08-CB1D-4269-9735-6CE9FBCEEFF4}.Release|x64.Build.0 = Release|x64
		{1E040C08-CB1D-4269-9735-6CE9FBCEEFF4}.Release|x86.ActiveCfg = Release|Win32
		{1E040C08-CB1D-4269-9735-6CE9FBCEEFF4}.Release|x86.Build.0 = Release|Win32
		{95EEFCE7-3808-44C6-BBE7-C6D72F4686B0}.Debug|x64.ActiveCfg = Debug|x64
		{95EEFCE7-3808-44C6-BBE7-C6D72F4686B0}.Debug|x64.Build.0 = Debug|x64
		{95EEFCE7-3808-44C6-BBE7-C6D72F4686B0}.Debug|x86.ActiveCfg = Debug|Win32
		{95EEFCE7-3808-44C6-BBE7-C6D72F4686B0}.Debug|x86.Build.0 = Debug|Win32
		{95EEFCE7-3808-44C6-BBE7-C6D72F4686B0}.Release|x64.ActiveCfg = Release|x64
		{95EEFCE7-3808-44C6-BBE7-C6D72F4686B0}.Release|x64.Build.0 = Release|x64
		{95EEFCE7-3808-44C6-BBE7-C6D72F4686B0}.Release|x86.ActiveCfg = Release|Win32
		{95EEFCE7-3808-44C6-BBE7-C6D72F4686B0}.Release|x86.Build.0 = Release|Win32
		{0172CDB2-80DA-4E7E-A589-89F4E98D040E}.Debug|x64.ActiveCfg = Debug|x64
		{0172CDB2-80DA-4E7E-A589-89F4E98D040E}.Debug|x64.Build.0 = Debug|x64
		{0172CDB2-80DA-4E7E-A589-89F4E98D040E}.Debug|x86.ActiveCfg = Debug|Win32
		{0172CDB2-80DA-4E7E-A589-89F4E98D040E}.Debug|x86.Build.0 = Debug|Win32
		{0172CDB2-80DA-4E7E-A589-89F4E98D040E}.Release|x64.ActiveCfg = Release|x64
		{0172CDB2-80DA-4E7E-A589-89F4E98D040E}.Release|x64.Build.0 = Release|x64
		{0172CDB2-80DA-4E7E-A589-89F4E98D040E}.Release|x86.ActiveCfg = Release|Win32
		{0172CDB2-80DA-4E7E-A589-89F4E98D040E}.Release|x86.Build.0 = Release|Win32
		{2E4CA377-202F-4AE3-B490-05F9166B5D2F}.Debug|x64.ActiveCfg = Debug|x64
		{2E4CA377-202F-4AE3-B490-05F9166B5D2F}.Debug|x64.Build.0 = Debug|x64
		{2E4CA377-202F-4AE3-B490-05F9166B5D2F}.Debug|x86.ActiveCfg = Debug|Win32
		{2E4CA377-202F-4AE3-B490-05F9166B5D2F}.Debug|x86.Build.0 = Debug|Win32
		{2E4CA377-202F-4AE3-B490-05F9166B5D2F}.Release|x64.ActiveCfg = Release|x64
		{2E4CA377-202F-4AE3-B490-05F9166B5D2F}.Release|x64.Build.0 = Release|x64
		{2E4CA377-202F-4AE3-B490-05F9166B5D2F}.Release|x86.ActiveCfg = Release|Win32
		{2E4CA377-202F-4AE3-B490-05F9166B5D2F}.Release|x86.Build.0 = Release|Win32
		{BD2FE2EC-67BA-42DA-8731-780E5C999270}.Debug|x64.ActiveCfg = Debug|x64
		{BD2FE2EC-67BA-42DA-8731-780E5C999270}.Debug|x64.Build.0 = Debug|x64
		{BD2FE2EC-67BA-42DA-8731-780E5C999270}.Debug|x86.ActiveCfg = Debug|Win32
		{BD2FE2EC-67BA-42DA-8731-780E5C999270}.Debug|x86.Build.0 = Debug|Win32
		{BD2FE2EC-67BA-42DA-8731-780E5C999270}.Release|x64.ActiveCfg = Release|x64
		{BD2FE2EC-67BA-42DA-8731-780E5C999270}.Release|x64.Build.0 = Release|x64
		{BD2FE2EC-67BA-42DA-8731-780E5C999270}.Release|x86.ActiveCfg = Release|Win32
		{BD2FE2EC-67BA-42DA-8731-780E5C999270}.Release|x86.Build.0 = Release|Win32
	EndGlobalSection
	GlobalSection(SolutionProperties) = preSolution
		HideSolutionNode = FALSE
	EndGlobalSection
	GlobalSection(NestedProjects) = preSolution
		{33613AC6-08C6-48E1-B187-CC1B3FA0EE38} = {CADDEDDB-440B-40F9-B58C-D2CEEFF9CA09}
		{B5A5A457-3512-4F70-B2EF-CD1423EA8E47} = {CADDEDDB-440B-40F9-B58C-D2CEEFF9CA09}
		{384F0EB7-2732-4FBE-8FE3-F7184B9256EC} = {CADDEDDB-440B-40F9-B58C-D2CEEFF9CA09}
		{5F40CE1F-A093-4F58-AFA2-1AC190DF0D15} = {CADDEDDB-440B-40F9-B58C-D2CEEFF9CA09}
		{CADDEDDB-440B-40F9-B58C-D2CEEFF9CA09} = {BEE66BBD-CF19-488A-AF5D-2C303C6F1DD4}
		{C8E69C43-BDFA-4C63-8EF8-1540E6776758} = {BEE66BBD-CF19-488A-AF5D-2C303C6F1DD4}
		{B381F163-1892-49AF-8F29-638277676D40} = {AF5D0A4A-A507-4151-B226-C4DAD9EF9C51}
		{EEBED021-72EB-4AF9-8F00-EAF1AF9675BB} = {AF5D0A4A-A507-4151-B226-C4DAD9EF9C51}
		{E73F59E5-A0D4-48F2-B3B4-AE820CD92285} = {AF5D0A4A-A507-4151-B226-C4DAD9EF9C51}
		{8FE0F7D3-706D-4A73-82AF-E1B7CA787F91} = {C8E69C43-BDFA-4C63-8EF8-1540E6776758}
		{14E87E74-53F4-4A61-BCD2-7C5220781E36} = {AF5D0A4A-A507-4151-B226-C4DAD9EF9C51}
		{0E41C3E2-76B0-484B-9E5C-3B72E3C486E5} = {C8E69C43-BDFA-4C63-8EF8-1540E6776758}
		{CF666E39-4916-457D-8FDF-4EDA6C973EEF} = {AF5D0A4A-A507-4151-B226-C4DAD9EF9C51}
		{2C6F766E-C86E-4B91-BECF-1665499AEF62} = {C8E69C43-BDFA-4C63-8EF8-1540E6776758}
		{2BB06822-30C3-4A5B-9D5C-3F4663B5FE66} = {C8E69C43-BDFA-4C63-8EF8-1540E6776758}
		{80231787-1BA8-4178-8B5B-483069627B35} = {C8E69C43-BDFA-4C63-8EF8-1540E6776758}
		{04DCAF76-0A2C-4144-A281-A6DBA958FFA7} = {06AA2F4A-8CC1-4EA9-ADC0-D55562B6D558}
		{5DC45C60-3958-4F69-AD97-4E4003592695} = {06AA2F4A-8CC1-4EA9-ADC0-D55562B6D558}
		{AF5D0A4A-A507-4151-B226-C4DAD9EF9C51} = {6B749FD3-16EE-436E-9DE8-F0E00C71426B}
		{41292C23-F5C7-4547-93C2-14F67CC8FF2E} = {04DCAF76-0A2C-4144-A281-A6DBA958FFA7}
		{68361B1D-7C5F-498B-A1BD-3686B272C2CF} = {04DCAF76-0A2C-4144-A281-A6DBA958FFA7}
		{1C29B985-75E6-49A5-B526-08F9897C6696} = {04DCAF76-0A2C-4144-A281-A6DBA958FFA7}
		{8F337C00-842C-4BA3-833B-EDCEA439B753} = {04DCAF76-0A2C-4144-A281-A6DBA958FFA7}
		{9A1B03FF-C058-4CF0-A125-C70D22D456B8} = {D10F844F-6932-44BE-A7AA-02F07B086850}
		{00F1BD41-0AB0-4369-87C1-40696BCB9EBB} = {D10F844F-6932-44BE-A7AA-02F07B086850}
		{D10F844F-6932-44BE-A7AA-02F07B086850} = {5DC45C60-3958-4F69-AD97-4E4003592695}
		{02F374C3-C93B-4433-8845-4E108B0C3965} = {5DC45C60-3958-4F69-AD97-4E4003592695}
		{54DACE5F-E555-46EC-A442-DF21ED41BB7E} = {02F374C3-C93B-4433-8845-4E108B0C3965}
		{34BEA952-B2D7-4206-BA79-895F445CD34E} = {02F374C3-C93B-4433-8845-4E108B0C3965}
	EndGlobalSection
	GlobalSection(ExtensibilityGlobals) = postSolution
		SolutionGuid = {20C0AF83-C1EC-4FAF-85B1-54BFA2106DC3}
	EndGlobalSection
EndGlobal
